
Microsoft Visual Studio Solution File, Format Version 12.00
# Visual Studio Version 17
VisualStudioVersion = 17.14.36127.28 d17.14
MinimumVisualStudioVersion = 10.0.40219.1
Project("{FAE04EC0-301F-11D3-BF4B-00C04F79EFBC}") = "mydockerapp", "mydockerapp\mydockerapp.csproj", "{516B8F81-FE46-475F-B51F-19EC65FB1C86}"
EndProject
Global
	GlobalSection(SolutionConfigurationPlatforms) = preSolution
		Debug|Any CPU = Debug|Any CPU
		Release|Any CPU = Release|Any CPU
	EndGlobalSection
	GlobalSection(ProjectConfigurationPlatforms) = postSolution
		{516B8F81-FE46-475F-B51F-19EC65FB1C86}.Debug|Any CPU.ActiveCfg = Debug|Any CPU
		{516B8F81-FE46-475F-B51F-19EC65FB1C86}.Debug|Any CPU.Build.0 = Debug|Any CPU
		{516B8F81-FE46-475F-B51F-19EC65FB1C86}.Release|Any CPU.ActiveCfg = Release|Any CPU
		{516B8F81-FE46-475F-B51F-19EC65FB1C86}.Release|Any CPU.Build.0 = Release|Any CPU
	EndGlobalSection
	GlobalSection(SolutionProperties) = preSolution
		HideSolutionNode = FALSE
	EndGlobalSection
	GlobalSection(ExtensibilityGlobals) = postSolution
		SolutionGuid = {EEC1D8E3-8D88-4099-8273-0596A24C3934}
	EndGlobalSection
EndGlobal
